// !$*UTF8*$!
{
	archiveVersion = 1;
	classes = {
	};
	objectVersion = 55;
	objects = {

/* Begin PBXBuildFile section */
		FA044F9B28C235F200289827 /* InsetFactView.swift in Sources */ = {isa = PBXBuildFile; fileRef = FA044F9A28C235F200289827 /* InsetFactView.swift */; };
		FA33F21828CF844000FF8CAE /* MotionAnimationView.swift in Sources */ = {isa = PBXBuildFile; fileRef = FA33F21728CF844000FF8CAE /* MotionAnimationView.swift */; };
		FA8B3F9228C0F9A2006B8B11 /* AfricaApp.swift in Sources */ = {isa = PBXBuildFile; fileRef = FA8B3F9128C0F9A2006B8B11 /* AfricaApp.swift */; };
		FA8B3F9428C0F9A2006B8B11 /* ContentView.swift in Sources */ = {isa = PBXBuildFile; fileRef = FA8B3F9328C0F9A2006B8B11 /* ContentView.swift */; };
		FA8B3F9628C0F9A3006B8B11 /* Assets.xcassets in Resources */ = {isa = PBXBuildFile; fileRef = FA8B3F9528C0F9A3006B8B11 /* Assets.xcassets */; };
		FA8B3F9928C0F9A3006B8B11 /* Preview Assets.xcassets in Resources */ = {isa = PBXBuildFile; fileRef = FA8B3F9828C0F9A3006B8B11 /* Preview Assets.xcassets */; };
		FA8B3FAA28C10409006B8B11 /* cheetah.mp4 in Resources */ = {isa = PBXBuildFile; fileRef = FA8B3FA028C10406006B8B11 /* cheetah.mp4 */; };
		FA8B3FAB28C10409006B8B11 /* rhino.mp4 in Resources */ = {isa = PBXBuildFile; fileRef = FA8B3FA128C10406006B8B11 /* rhino.mp4 */; };
		FA8B3FAC28C10409006B8B11 /* giraffe.mp4 in Resources */ = {isa = PBXBuildFile; fileRef = FA8B3FA228C10407006B8B11 /* giraffe.mp4 */; };
		FA8B3FAD28C10409006B8B11 /* zebra.mp4 in Resources */ = {isa = PBXBuildFile; fileRef = FA8B3FA328C10407006B8B11 /* zebra.mp4 */; };
		FA8B3FAE28C10409006B8B11 /* lion.mp4 in Resources */ = {isa = PBXBuildFile; fileRef = FA8B3FA428C10407006B8B11 /* lion.mp4 */; };
		FA8B3FAF28C10409006B8B11 /* gorilla.mp4 in Resources */ = {isa = PBXBuildFile; fileRef = FA8B3FA528C10408006B8B11 /* gorilla.mp4 */; };
		FA8B3FB028C10409006B8B11 /* lioness.mp4 in Resources */ = {isa = PBXBuildFile; fileRef = FA8B3FA628C10408006B8B11 /* lioness.mp4 */; };
		FA8B3FB128C10409006B8B11 /* ostrich.mp4 in Resources */ = {isa = PBXBuildFile; fileRef = FA8B3FA728C10408006B8B11 /* ostrich.mp4 */; };
		FA8B3FB228C10409006B8B11 /* elephant.mp4 in Resources */ = {isa = PBXBuildFile; fileRef = FA8B3FA828C10409006B8B11 /* elephant.mp4 */; };
		FA8B3FB328C10409006B8B11 /* hippo.mp4 in Resources */ = {isa = PBXBuildFile; fileRef = FA8B3FA928C10409006B8B11 /* hippo.mp4 */; };
		FA8B3FB928C1045B006B8B11 /* covers.json in Resources */ = {isa = PBXBuildFile; fileRef = FA8B3FB528C1045A006B8B11 /* covers.json */; };
		FA8B3FBA28C1045B006B8B11 /* videos.json in Resources */ = {isa = PBXBuildFile; fileRef = FA8B3FB628C1045A006B8B11 /* videos.json */; };
		FA8B3FBB28C1045B006B8B11 /* locations.json in Resources */ = {isa = PBXBuildFile; fileRef = FA8B3FB728C1045A006B8B11 /* locations.json */; };
		FA8B3FBC28C1045B006B8B11 /* animals.json in Resources */ = {isa = PBXBuildFile; fileRef = FA8B3FB828C1045B006B8B11 /* animals.json */; };
		FA8B3FC028C1072F006B8B11 /* MapView.swift in Sources */ = {isa = PBXBuildFile; fileRef = FA8B3FBF28C1072F006B8B11 /* MapView.swift */; };
		FA8B3FC228C10784006B8B11 /* VideoListView.swift in Sources */ = {isa = PBXBuildFile; fileRef = FA8B3FC128C10784006B8B11 /* VideoListView.swift */; };
		FA8B3FC528C107B1006B8B11 /* MainView.swift in Sources */ = {isa = PBXBuildFile; fileRef = FA8B3FC428C107B1006B8B11 /* MainView.swift */; };
		FA8B3FC728C107D2006B8B11 /* GalleryView.swift in Sources */ = {isa = PBXBuildFile; fileRef = FA8B3FC628C107D2006B8B11 /* GalleryView.swift */; };
		FAAA338728C1DA57001ABFFD /* CoverImageView.swift in Sources */ = {isa = PBXBuildFile; fileRef = FAAA338628C1DA57001ABFFD /* CoverImageView.swift */; };
		FAAA338A28C1DC76001ABFFD /* CoverImageModel.swift in Sources */ = {isa = PBXBuildFile; fileRef = FAAA338928C1DC76001ABFFD /* CoverImageModel.swift */; };
		FAAA338D28C1DE0F001ABFFD /* CodableBundleExtension.swift in Sources */ = {isa = PBXBuildFile; fileRef = FAAA338C28C1DE0F001ABFFD /* CodableBundleExtension.swift */; };
		FAAA338F28C1E678001ABFFD /* AnimalListItemView.swift in Sources */ = {isa = PBXBuildFile; fileRef = FAAA338E28C1E678001ABFFD /* AnimalListItemView.swift */; };
		FAAA339128C1E8BF001ABFFD /* AnimalModel.swift in Sources */ = {isa = PBXBuildFile; fileRef = FAAA339028C1E8BF001ABFFD /* AnimalModel.swift */; };
		FAAA339328C1F0DA001ABFFD /* AnimalDetailView.swift in Sources */ = {isa = PBXBuildFile; fileRef = FAAA339228C1F0DA001ABFFD /* AnimalDetailView.swift */; };
		FAAA339528C1F5A9001ABFFD /* HeadingView.swift in Sources */ = {isa = PBXBuildFile; fileRef = FAAA339428C1F5A9001ABFFD /* HeadingView.swift */; };
		FAAA339728C1F7D9001ABFFD /* InsetGalleryView.swift in Sources */ = {isa = PBXBuildFile; fileRef = FAAA339628C1F7D9001ABFFD /* InsetGalleryView.swift */; };
		FAB13DB528CE3A1D0078F7F7 /* LocationModel.swift in Sources */ = {isa = PBXBuildFile; fileRef = FAB13DB428CE3A1D0078F7F7 /* LocationModel.swift */; };
		FAB13DB728CE41240078F7F7 /* MapAnotationView.swift in Sources */ = {isa = PBXBuildFile; fileRef = FAB13DB628CE41240078F7F7 /* MapAnotationView.swift */; };
		FAB47BEB28C2DD0400F1B221 /* InsetMapView.swift in Sources */ = {isa = PBXBuildFile; fileRef = FAB47BEA28C2DD0400F1B221 /* InsetMapView.swift */; };
		FAB47BED28C2E25300F1B221 /* ExternalWeblinkView.swift in Sources */ = {isa = PBXBuildFile; fileRef = FAB47BEC28C2E25300F1B221 /* ExternalWeblinkView.swift */; };
		FAC1409B28C2F87F00715D16 /* VideoModel.swift in Sources */ = {isa = PBXBuildFile; fileRef = FAC1409A28C2F87F00715D16 /* VideoModel.swift */; };
		FAC1409D28C2F8F900715D16 /* VideoListItemView.swift in Sources */ = {isa = PBXBuildFile; fileRef = FAC1409C28C2F8F900715D16 /* VideoListItemView.swift */; };
		FAC1409F28C2FFEA00715D16 /* VideoPlayerView.swift in Sources */ = {isa = PBXBuildFile; fileRef = FAC1409E28C2FFEA00715D16 /* VideoPlayerView.swift */; };
		FAC140A228C300CB00715D16 /* VideoPlayerHelper.swift in Sources */ = {isa = PBXBuildFile; fileRef = FAC140A128C300CB00715D16 /* VideoPlayerHelper.swift */; };
/* End PBXBuildFile section */

/* Begin PBXFileReference section */
		FA044F9A28C235F200289827 /* InsetFactView.swift */ = {isa = PBXFileReference; lastKnownFileType = sourcecode.swift; path = InsetFactView.swift; sourceTree = "<group>"; };
		FA33F21728CF844000FF8CAE /* MotionAnimationView.swift */ = {isa = PBXFileReference; lastKnownFileType = sourcecode.swift; path = MotionAnimationView.swift; sourceTree = "<group>"; };
		FA8B3F8E28C0F9A2006B8B11 /* Africa.app */ = {isa = PBXFileReference; explicitFileType = wrapper.application; includeInIndex = 0; path = Africa.app; sourceTree = BUILT_PRODUCTS_DIR; };
		FA8B3F9128C0F9A2006B8B11 /* AfricaApp.swift */ = {isa = PBXFileReference; lastKnownFileType = sourcecode.swift; path = AfricaApp.swift; sourceTree = "<group>"; };
		FA8B3F9328C0F9A2006B8B11 /* ContentView.swift */ = {isa = PBXFileReference; lastKnownFileType = sourcecode.swift; path = ContentView.swift; sourceTree = "<group>"; };
		FA8B3F9528C0F9A3006B8B11 /* Assets.xcassets */ = {isa = PBXFileReference; lastKnownFileType = folder.assetcatalog; path = Assets.xcassets; sourceTree = "<group>"; };
		FA8B3F9828C0F9A3006B8B11 /* Preview Assets.xcassets */ = {isa = PBXFileReference; lastKnownFileType = folder.assetcatalog; path = "Preview Assets.xcassets"; sourceTree = "<group>"; };
		FA8B3FA028C10406006B8B11 /* cheetah.mp4 */ = {isa = PBXFileReference; lastKnownFileType = file; path = cheetah.mp4; sourceTree = "<group>"; };
		FA8B3FA128C10406006B8B11 /* rhino.mp4 */ = {isa = PBXFileReference; lastKnownFileType = file; path = rhino.mp4; sourceTree = "<group>"; };
		FA8B3FA228C10407006B8B11 /* giraffe.mp4 */ = {isa = PBXFileReference; lastKnownFileType = file; path = giraffe.mp4; sourceTree = "<group>"; };
		FA8B3FA328C10407006B8B11 /* zebra.mp4 */ = {isa = PBXFileReference; lastKnownFileType = file; path = zebra.mp4; sourceTree = "<group>"; };
		FA8B3FA428C10407006B8B11 /* lion.mp4 */ = {isa = PBXFileReference; lastKnownFileType = file; path = lion.mp4; sourceTree = "<group>"; };
		FA8B3FA528C10408006B8B11 /* gorilla.mp4 */ = {isa = PBXFileReference; lastKnownFileType = file; path = gorilla.mp4; sourceTree = "<group>"; };
		FA8B3FA628C10408006B8B11 /* lioness.mp4 */ = {isa = PBXFileReference; lastKnownFileType = file; path = lioness.mp4; sourceTree = "<group>"; };
		FA8B3FA728C10408006B8B11 /* ostrich.mp4 */ = {isa = PBXFileReference; lastKnownFileType = file; path = ostrich.mp4; sourceTree = "<group>"; };
		FA8B3FA828C10409006B8B11 /* elephant.mp4 */ = {isa = PBXFileReference; lastKnownFileType = file; path = elephant.mp4; sourceTree = "<group>"; };
		FA8B3FA928C10409006B8B11 /* hippo.mp4 */ = {isa = PBXFileReference; lastKnownFileType = file; path = hippo.mp4; sourceTree = "<group>"; };
		FA8B3FB528C1045A006B8B11 /* covers.json */ = {isa = PBXFileReference; fileEncoding = 4; lastKnownFileType = text.json; path = covers.json; sourceTree = "<group>"; };
		FA8B3FB628C1045A006B8B11 /* videos.json */ = {isa = PBXFileReference; fileEncoding = 4; lastKnownFileType = text.json; path = videos.json; sourceTree = "<group>"; };
		FA8B3FB728C1045A006B8B11 /* locations.json */ = {isa = PBXFileReference; fileEncoding = 4; lastKnownFileType = text.json; path = locations.json; sourceTree = "<group>"; };
		FA8B3FB828C1045B006B8B11 /* animals.json */ = {isa = PBXFileReference; fileEncoding = 4; lastKnownFileType = text.json; path = animals.json; sourceTree = "<group>"; };
		FA8B3FBD28C105D4006B8B11 /* Info.plist */ = {isa = PBXFileReference; lastKnownFileType = text.plist; path = Info.plist; sourceTree = "<group>"; };
		FA8B3FBF28C1072F006B8B11 /* MapView.swift */ = {isa = PBXFileReference; lastKnownFileType = sourcecode.swift; path = MapView.swift; sourceTree = "<group>"; };
		FA8B3FC128C10784006B8B11 /* VideoListView.swift */ = {isa = PBXFileReference; lastKnownFileType = sourcecode.swift; path = VideoListView.swift; sourceTree = "<group>"; };
		FA8B3FC428C107B1006B8B11 /* MainView.swift */ = {isa = PBXFileReference; lastKnownFileType = sourcecode.swift; path = MainView.swift; sourceTree = "<group>"; };
		FA8B3FC628C107D2006B8B11 /* GalleryView.swift */ = {isa = PBXFileReference; lastKnownFileType = sourcecode.swift; path = GalleryView.swift; sourceTree = "<group>"; };
		FAAA338628C1DA57001ABFFD /* CoverImageView.swift */ = {isa = PBXFileReference; lastKnownFileType = sourcecode.swift; path = CoverImageView.swift; sourceTree = "<group>"; };
		FAAA338928C1DC76001ABFFD /* CoverImageModel.swift */ = {isa = PBXFileReference; lastKnownFileType = sourcecode.swift; path = CoverImageModel.swift; sourceTree = "<group>"; };
		FAAA338C28C1DE0F001ABFFD /* CodableBundleExtension.swift */ = {isa = PBXFileReference; lastKnownFileType = sourcecode.swift; path = CodableBundleExtension.swift; sourceTree = "<group>"; };
		FAAA338E28C1E678001ABFFD /* AnimalListItemView.swift */ = {isa = PBXFileReference; lastKnownFileType = sourcecode.swift; path = AnimalListItemView.swift; sourceTree = "<group>"; };
		FAAA339028C1E8BF001ABFFD /* AnimalModel.swift */ = {isa = PBXFileReference; lastKnownFileType = sourcecode.swift; path = AnimalModel.swift; sourceTree = "<group>"; };
		FAAA339228C1F0DA001ABFFD /* AnimalDetailView.swift */ = {isa = PBXFileReference; lastKnownFileType = sourcecode.swift; path = AnimalDetailView.swift; sourceTree = "<group>"; };
		FAAA339428C1F5A9001ABFFD /* HeadingView.swift */ = {isa = PBXFileReference; lastKnownFileType = sourcecode.swift; path = HeadingView.swift; sourceTree = "<group>"; };
		FAAA339628C1F7D9001ABFFD /* InsetGalleryView.swift */ = {isa = PBXFileReference; lastKnownFileType = sourcecode.swift; path = InsetGalleryView.swift; sourceTree = "<group>"; };
		FAB13DB428CE3A1D0078F7F7 /* LocationModel.swift */ = {isa = PBXFileReference; lastKnownFileType = sourcecode.swift; path = LocationModel.swift; sourceTree = "<group>"; };
		FAB13DB628CE41240078F7F7 /* MapAnotationView.swift */ = {isa = PBXFileReference; lastKnownFileType = sourcecode.swift; path = MapAnotationView.swift; sourceTree = "<group>"; };
		FAB47BEA28C2DD0400F1B221 /* InsetMapView.swift */ = {isa = PBXFileReference; lastKnownFileType = sourcecode.swift; path = InsetMapView.swift; sourceTree = "<group>"; };
		FAB47BEC28C2E25300F1B221 /* ExternalWeblinkView.swift */ = {isa = PBXFileReference; lastKnownFileType = sourcecode.swift; path = ExternalWeblinkView.swift; sourceTree = "<group>"; };
		FAC1409A28C2F87F00715D16 /* VideoModel.swift */ = {isa = PBXFileReference; lastKnownFileType = sourcecode.swift; path = VideoModel.swift; sourceTree = "<group>"; };
		FAC1409C28C2F8F900715D16 /* VideoListItemView.swift */ = {isa = PBXFileReference; lastKnownFileType = sourcecode.swift; path = VideoListItemView.swift; sourceTree = "<group>"; };
		FAC1409E28C2FFEA00715D16 /* VideoPlayerView.swift */ = {isa = PBXFileReference; lastKnownFileType = sourcecode.swift; path = VideoPlayerView.swift; sourceTree = "<group>"; };
		FAC140A128C300CB00715D16 /* VideoPlayerHelper.swift */ = {isa = PBXFileReference; lastKnownFileType = sourcecode.swift; path = VideoPlayerHelper.swift; sourceTree = "<group>"; };
/* End PBXFileReference section */

/* Begin PBXFrameworksBuildPhase section */
		FA8B3F8B28C0F9A2006B8B11 /* Frameworks */ = {
			isa = PBXFrameworksBuildPhase;
			buildActionMask = 2147483647;
			files = (
			);
			runOnlyForDeploymentPostprocessing = 0;
		};
/* End PBXFrameworksBuildPhase section */

/* Begin PBXGroup section */
		FA8B3F8528C0F9A2006B8B11 = {
			isa = PBXGroup;
			children = (
				FA8B3F9028C0F9A2006B8B11 /* Africa */,
				FA8B3F8F28C0F9A2006B8B11 /* Products */,
			);
			sourceTree = "<group>";
		};
		FA8B3F8F28C0F9A2006B8B11 /* Products */ = {
			isa = PBXGroup;
			children = (
				FA8B3F8E28C0F9A2006B8B11 /* Africa.app */,
			);
			name = Products;
			sourceTree = "<group>";
		};
		FA8B3F9028C0F9A2006B8B11 /* Africa */ = {
			isa = PBXGroup;
			children = (
				FA8B3FBD28C105D4006B8B11 /* Info.plist */,
				FAC140A028C300B600715D16 /* Helper */,
				FAAA338B28C1DDE6001ABFFD /* Extension */,
				FAAA338828C1DC5A001ABFFD /* Model */,
				FAAA338528C1DA45001ABFFD /* View */,
				FA8B3FB428C10439006B8B11 /* Data */,
				FA8B3F9F28C103B9006B8B11 /* Video */,
				FA8B3FBE28C106F3006B8B11 /* App */,
				FA8B3F9528C0F9A3006B8B11 /* Assets.xcassets */,
				FA8B3F9728C0F9A3006B8B11 /* Preview Content */,
			);
			path = Africa;
			sourceTree = "<group>";
		};
		FA8B3F9728C0F9A3006B8B11 /* Preview Content */ = {
			isa = PBXGroup;
			children = (
				FA8B3F9828C0F9A3006B8B11 /* Preview Assets.xcassets */,
			);
			path = "Preview Content";
			sourceTree = "<group>";
		};
		FA8B3F9F28C103B9006B8B11 /* Video */ = {
			isa = PBXGroup;
			children = (
				FA8B3FA028C10406006B8B11 /* cheetah.mp4 */,
				FA8B3FA828C10409006B8B11 /* elephant.mp4 */,
				FA8B3FA228C10407006B8B11 /* giraffe.mp4 */,
				FA8B3FA528C10408006B8B11 /* gorilla.mp4 */,
				FA8B3FA928C10409006B8B11 /* hippo.mp4 */,
				FA8B3FA428C10407006B8B11 /* lion.mp4 */,
				FA8B3FA628C10408006B8B11 /* lioness.mp4 */,
				FA8B3FA728C10408006B8B11 /* ostrich.mp4 */,
				FA8B3FA128C10406006B8B11 /* rhino.mp4 */,
				FA8B3FA328C10407006B8B11 /* zebra.mp4 */,
			);
			path = Video;
			sourceTree = "<group>";
		};
		FA8B3FB428C10439006B8B11 /* Data */ = {
			isa = PBXGroup;
			children = (
				FA8B3FB828C1045B006B8B11 /* animals.json */,
				FA8B3FB528C1045A006B8B11 /* covers.json */,
				FA8B3FB728C1045A006B8B11 /* locations.json */,
				FA8B3FB628C1045A006B8B11 /* videos.json */,
			);
			path = Data;
			sourceTree = "<group>";
		};
		FA8B3FBE28C106F3006B8B11 /* App */ = {
			isa = PBXGroup;
			children = (
				FA8B3F9128C0F9A2006B8B11 /* AfricaApp.swift */,
				FA8B3F9328C0F9A2006B8B11 /* ContentView.swift */,
				FA8B3FBF28C1072F006B8B11 /* MapView.swift */,
				FA8B3FC128C10784006B8B11 /* VideoListView.swift */,
				FA8B3FC428C107B1006B8B11 /* MainView.swift */,
				FA8B3FC628C107D2006B8B11 /* GalleryView.swift */,
			);
			path = App;
			sourceTree = "<group>";
		};
		FAAA338528C1DA45001ABFFD /* View */ = {
			isa = PBXGroup;
			children = (
				FAAA338628C1DA57001ABFFD /* CoverImageView.swift */,
				FAAA338E28C1E678001ABFFD /* AnimalListItemView.swift */,
				FAAA339228C1F0DA001ABFFD /* AnimalDetailView.swift */,
				FAAA339428C1F5A9001ABFFD /* HeadingView.swift */,
				FAAA339628C1F7D9001ABFFD /* InsetGalleryView.swift */,
				FA044F9A28C235F200289827 /* InsetFactView.swift */,
				FAB47BEA28C2DD0400F1B221 /* InsetMapView.swift */,
				FAB47BEC28C2E25300F1B221 /* ExternalWeblinkView.swift */,
				FAC1409C28C2F8F900715D16 /* VideoListItemView.swift */,
				FAC1409E28C2FFEA00715D16 /* VideoPlayerView.swift */,
				FAB13DB628CE41240078F7F7 /* MapAnotationView.swift */,
				FA33F21728CF844000FF8CAE /* MotionAnimationView.swift */,
			);
			path = View;
			sourceTree = "<group>";
		};
		FAAA338828C1DC5A001ABFFD /* Model */ = {
			isa = PBXGroup;
			children = (
				FAAA338928C1DC76001ABFFD /* CoverImageModel.swift */,
				FAAA339028C1E8BF001ABFFD /* AnimalModel.swift */,
				FAC1409A28C2F87F00715D16 /* VideoModel.swift */,
				FAB13DB428CE3A1D0078F7F7 /* LocationModel.swift */,
			);
			path = Model;
			sourceTree = "<group>";
		};
		FAAA338B28C1DDE6001ABFFD /* Extension */ = {
			isa = PBXGroup;
			children = (
				FAAA338C28C1DE0F001ABFFD /* CodableBundleExtension.swift */,
			);
			path = Extension;
			sourceTree = "<group>";
		};
		FAC140A028C300B600715D16 /* Helper */ = {
			isa = PBXGroup;
			children = (
				FAC140A128C300CB00715D16 /* VideoPlayerHelper.swift */,
			);
			path = Helper;
			sourceTree = "<group>";
		};
/* End PBXGroup section */

/* Begin PBXNativeTarget section */
		FA8B3F8D28C0F9A2006B8B11 /* Africa */ = {
			isa = PBXNativeTarget;
			buildConfigurationList = FA8B3F9C28C0F9A3006B8B11 /* Build configuration list for PBXNativeTarget "Africa" */;
			buildPhases = (
				FA8B3F8A28C0F9A2006B8B11 /* Sources */,
				FA8B3F8B28C0F9A2006B8B11 /* Frameworks */,
				FA8B3F8C28C0F9A2006B8B11 /* Resources */,
			);
			buildRules = (
			);
			dependencies = (
			);
			name = Africa;
			productName = Africa;
			productReference = FA8B3F8E28C0F9A2006B8B11 /* Africa.app */;
			productType = "com.apple.product-type.application";
		};
/* End PBXNativeTarget section */

/* Begin PBXProject section */
		FA8B3F8628C0F9A2006B8B11 /* Project object */ = {
			isa = PBXProject;
			attributes = {
				BuildIndependentTargetsInParallel = 1;
				LastSwiftUpdateCheck = 1340;
				LastUpgradeCheck = 1340;
				TargetAttributes = {
					FA8B3F8D28C0F9A2006B8B11 = {
						CreatedOnToolsVersion = 13.4.1;
					};
				};
			};
			buildConfigurationList = FA8B3F8928C0F9A2006B8B11 /* Build configuration list for PBXProject "Africa" */;
			compatibilityVersion = "Xcode 13.0";
			developmentRegion = en;
			hasScannedForEncodings = 0;
			knownRegions = (
				en,
				Base,
			);
			mainGroup = FA8B3F8528C0F9A2006B8B11;
			productRefGroup = FA8B3F8F28C0F9A2006B8B11 /* Products */;
			projectDirPath = "";
			projectRoot = "";
			targets = (
				FA8B3F8D28C0F9A2006B8B11 /* Africa */,
			);
		};
/* End PBXProject section */

/* Begin PBXResourcesBuildPhase section */
		FA8B3F8C28C0F9A2006B8B11 /* Resources */ = {
			isa = PBXResourcesBuildPhase;
			buildActionMask = 2147483647;
			files = (
				FA8B3FB928C1045B006B8B11 /* covers.json in Resources */,
				FA8B3FAB28C10409006B8B11 /* rhino.mp4 in Resources */,
				FA8B3F9928C0F9A3006B8B11 /* Preview Assets.xcassets in Resources */,
				FA8B3FBA28C1045B006B8B11 /* videos.json in Resources */,
				FA8B3FB028C10409006B8B11 /* lioness.mp4 in Resources */,
				FA8B3FAE28C10409006B8B11 /* lion.mp4 in Resources */,
				FA8B3FB328C10409006B8B11 /* hippo.mp4 in Resources */,
				FA8B3FBB28C1045B006B8B11 /* locations.json in Resources */,
				FA8B3F9628C0F9A3006B8B11 /* Assets.xcassets in Resources */,
				FA8B3FBC28C1045B006B8B11 /* animals.json in Resources */,
				FA8B3FAF28C10409006B8B11 /* gorilla.mp4 in Resources */,
				FA8B3FAA28C10409006B8B11 /* cheetah.mp4 in Resources */,
				FA8B3FAD28C10409006B8B11 /* zebra.mp4 in Resources */,
				FA8B3FB128C10409006B8B11 /* ostrich.mp4 in Resources */,
				FA8B3FAC28C10409006B8B11 /* giraffe.mp4 in Resources */,
				FA8B3FB228C10409006B8B11 /* elephant.mp4 in Resources */,
			);
			runOnlyForDeploymentPostprocessing = 0;
		};
/* End PBXResourcesBuildPhase section */

/* Begin PBXSourcesBuildPhase section */
		FA8B3F8A28C0F9A2006B8B11 /* Sources */ = {
			isa = PBXSourcesBuildPhase;
			buildActionMask = 2147483647;
			files = (
				FAC1409D28C2F8F900715D16 /* VideoListItemView.swift in Sources */,
				FAB47BED28C2E25300F1B221 /* ExternalWeblinkView.swift in Sources */,
				FA8B3FC228C10784006B8B11 /* VideoListView.swift in Sources */,
				FAAA338F28C1E678001ABFFD /* AnimalListItemView.swift in Sources */,
				FA8B3FC728C107D2006B8B11 /* GalleryView.swift in Sources */,
				FAB13DB728CE41240078F7F7 /* MapAnotationView.swift in Sources */,
				FA044F9B28C235F200289827 /* InsetFactView.swift in Sources */,
				FAAA338728C1DA57001ABFFD /* CoverImageView.swift in Sources */,
				FAAA338A28C1DC76001ABFFD /* CoverImageModel.swift in Sources */,
				FAAA339328C1F0DA001ABFFD /* AnimalDetailView.swift in Sources */,
				FAAA339128C1E8BF001ABFFD /* AnimalModel.swift in Sources */,
				FA8B3F9428C0F9A2006B8B11 /* ContentView.swift in Sources */,
				FAB47BEB28C2DD0400F1B221 /* InsetMapView.swift in Sources */,
				FA8B3FC028C1072F006B8B11 /* MapView.swift in Sources */,
				FA8B3FC528C107B1006B8B11 /* MainView.swift in Sources */,
				FAC140A228C300CB00715D16 /* VideoPlayerHelper.swift in Sources */,
				FAC1409B28C2F87F00715D16 /* VideoModel.swift in Sources */,
				FAB13DB528CE3A1D0078F7F7 /* LocationModel.swift in Sources */,
				FA8B3F9228C0F9A2006B8B11 /* AfricaApp.swift in Sources */,
				FAAA339728C1F7D9001ABFFD /* InsetGalleryView.swift in Sources */,
				FAAA338D28C1DE0F001ABFFD /* CodableBundleExtension.swift in Sources */,
				FA33F21828CF844000FF8CAE /* MotionAnimationView.swift in Sources */,
				FAAA339528C1F5A9001ABFFD /* HeadingView.swift in Sources */,
				FAC1409F28C2FFEA00715D16 /* VideoPlayerView.swift in Sources */,
			);
			runOnlyForDeploymentPostprocessing = 0;
		};
/* End PBXSourcesBuildPhase section */

/* Begin XCBuildConfiguration section */
		FA8B3F9A28C0F9A3006B8B11 /* Debug */ = {
			isa = XCBuildConfiguration;
			buildSettings = {
				ALWAYS_SEARCH_USER_PATHS = NO;
				CLANG_ANALYZER_NONNULL = YES;
				CLANG_ANALYZER_NUMBER_OBJECT_CONVERSION = YES_AGGRESSIVE;
				CLANG_CXX_LANGUAGE_STANDARD = "gnu++17";
				CLANG_ENABLE_MODULES = YES;
				CLANG_ENABLE_OBJC_ARC = YES;
				CLANG_ENABLE_OBJC_WEAK = YES;
				CLANG_WARN_BLOCK_CAPTURE_AUTORELEASING = YES;
				CLANG_WARN_BOOL_CONVERSION = YES;
				CLANG_WARN_COMMA = YES;
				CLANG_WARN_CONSTANT_CONVERSION = YES;
				CLANG_WARN_DEPRECATED_OBJC_IMPLEMENTATIONS = YES;
				CLANG_WARN_DIRECT_OBJC_ISA_USAGE = YES_ERROR;
				CLANG_WARN_DOCUMENTATION_COMMENTS = YES;
				CLANG_WARN_EMPTY_BODY = YES;
				CLANG_WARN_ENUM_CONVERSION = YES;
				CLANG_WARN_INFINITE_RECURSION = YES;
				CLANG_WARN_INT_CONVERSION = YES;
				CLANG_WARN_NON_LITERAL_NULL_CONVERSION = YES;
				CLANG_WARN_OBJC_IMPLICIT_RETAIN_SELF = YES;
				CLANG_WARN_OBJC_LITERAL_CONVERSION = YES;
				CLANG_WARN_OBJC_ROOT_CLASS = YES_ERROR;
				CLANG_WARN_QUOTED_INCLUDE_IN_FRAMEWORK_HEADER = YES;
				CLANG_WARN_RANGE_LOOP_ANALYSIS = YES;
				CLANG_WARN_STRICT_PROTOTYPES = YES;
				CLANG_WARN_SUSPICIOUS_MOVE = YES;
				CLANG_WARN_UNGUARDED_AVAILABILITY = YES_AGGRESSIVE;
				CLANG_WARN_UNREACHABLE_CODE = YES;
				CLANG_WARN__DUPLICATE_METHOD_MATCH = YES;
				COPY_PHASE_STRIP = NO;
				DEBUG_INFORMATION_FORMAT = dwarf;
				ENABLE_STRICT_OBJC_MSGSEND = YES;
				ENABLE_TESTABILITY = YES;
				GCC_C_LANGUAGE_STANDARD = gnu11;
				GCC_DYNAMIC_NO_PIC = NO;
				GCC_NO_COMMON_BLOCKS = YES;
				GCC_OPTIMIZATION_LEVEL = 0;
				GCC_PREPROCESSOR_DEFINITIONS = (
					"DEBUG=1",
					"$(inherited)",
				);
				GCC_WARN_64_TO_32_BIT_CONVERSION = YES;
				GCC_WARN_ABOUT_RETURN_TYPE = YES_ERROR;
				GCC_WARN_UNDECLARED_SELECTOR = YES;
				GCC_WARN_UNINITIALIZED_AUTOS = YES_AGGRESSIVE;
				GCC_WARN_UNUSED_FUNCTION = YES;
				GCC_WARN_UNUSED_VARIABLE = YES;
				IPHONEOS_DEPLOYMENT_TARGET = 15.5;
				MTL_ENABLE_DEBUG_INFO = INCLUDE_SOURCE;
				MTL_FAST_MATH = YES;
				ONLY_ACTIVE_ARCH = YES;
				SDKROOT = iphoneos;
				SWIFT_ACTIVE_COMPILATION_CONDITIONS = DEBUG;
				SWIFT_OPTIMIZATION_LEVEL = "-Onone";
			};
			name = Debug;
		};
		FA8B3F9B28C0F9A3006B8B11 /* Release */ = {
			isa = XCBuildConfiguration;
			buildSettings = {
				ALWAYS_SEARCH_USER_PATHS = NO;
				CLANG_ANALYZER_NONNULL = YES;
				CLANG_ANALYZER_NUMBER_OBJECT_CONVERSION = YES_AGGRESSIVE;
				CLANG_CXX_LANGUAGE_STANDARD = "gnu++17";
				CLANG_ENABLE_MODULES = YES;
				CLANG_ENABLE_OBJC_ARC = YES;
				CLANG_ENABLE_OBJC_WEAK = YES;
				CLANG_WARN_BLOCK_CAPTURE_AUTORELEASING = YES;
				CLANG_WARN_BOOL_CONVERSION = YES;
				CLANG_WARN_COMMA = YES;
				CLANG_WARN_CONSTANT_CONVERSION = YES;
				CLANG_WARN_DEPRECATED_OBJC_IMPLEMENTATIONS = YES;
				CLANG_WARN_DIRECT_OBJC_ISA_USAGE = YES_ERROR;
				CLANG_WARN_DOCUMENTATION_COMMENTS = YES;
				CLANG_WARN_EMPTY_BODY = YES;
				CLANG_WARN_ENUM_CONVERSION = YES;
				CLANG_WARN_INFINITE_RECURSION = YES;
				CLANG_WARN_INT_CONVERSION = YES;
				CLANG_WARN_NON_LITERAL_NULL_CONVERSION = YES;
				CLANG_WARN_OBJC_IMPLICIT_RETAIN_SELF = YES;
				CLANG_WARN_OBJC_LITERAL_CONVERSION = YES;
				CLANG_WARN_OBJC_ROOT_CLASS = YES_ERROR;
				CLANG_WARN_QUOTED_INCLUDE_IN_FRAMEWORK_HEADER = YES;
				CLANG_WARN_RANGE_LOOP_ANALYSIS = YES;
				CLANG_WARN_STRICT_PROTOTYPES = YES;
				CLANG_WARN_SUSPICIOUS_MOVE = YES;
				CLANG_WARN_UNGUARDED_AVAILABILITY = YES_AGGRESSIVE;
				CLANG_WARN_UNREACHABLE_CODE = YES;
				CLANG_WARN__DUPLICATE_METHOD_MATCH = YES;
				COPY_PHASE_STRIP = NO;
				DEBUG_INFORMATION_FORMAT = "dwarf-with-dsym";
				ENABLE_NS_ASSERTIONS = NO;
				ENABLE_STRICT_OBJC_MSGSEND = YES;
				GCC_C_LANGUAGE_STANDARD = gnu11;
				GCC_NO_COMMON_BLOCKS = YES;
				GCC_WARN_64_TO_32_BIT_CONVERSION = YES;
				GCC_WARN_ABOUT_RETURN_TYPE = YES_ERROR;
				GCC_WARN_UNDECLARED_SELECTOR = YES;
				GCC_WARN_UNINITIALIZED_AUTOS = YES_AGGRESSIVE;
				GCC_WARN_UNUSED_FUNCTION = YES;
				GCC_WARN_UNUSED_VARIABLE = YES;
				IPHONEOS_DEPLOYMENT_TARGET = 15.5;
				MTL_ENABLE_DEBUG_INFO = NO;
				MTL_FAST_MATH = YES;
				SDKROOT = iphoneos;
				SWIFT_COMPILATION_MODE = wholemodule;
				SWIFT_OPTIMIZATION_LEVEL = "-O";
				VALIDATE_PRODUCT = YES;
			};
			name = Release;
		};
		FA8B3F9D28C0F9A3006B8B11 /* Debug */ = {
			isa = XCBuildConfiguration;
			buildSettings = {
				ASSETCATALOG_COMPILER_APPICON_NAME = AppIcon;
				ASSETCATALOG_COMPILER_GLOBAL_ACCENT_COLOR_NAME = AccentColor;
				CODE_SIGN_STYLE = Automatic;
				CURRENT_PROJECT_VERSION = 1;
				DEVELOPMENT_ASSET_PATHS = "\"Africa/Preview Content\"";
				DEVELOPMENT_TEAM = KNRS8Y6JMQ;
				ENABLE_PREVIEWS = YES;
				GENERATE_INFOPLIST_FILE = YES;
				INFOPLIST_FILE = Africa/Info.plist;
				INFOPLIST_KEY_CFBundleDisplayName = "";
				INFOPLIST_KEY_UIApplicationSceneManifest_Generation = YES;
				INFOPLIST_KEY_UIApplicationSupportsIndirectInputEvents = YES;
				INFOPLIST_KEY_UISupportedInterfaceOrientations_iPad = "UIInterfaceOrientationPortrait UIInterfaceOrientationPortraitUpsideDown UIInterfaceOrientationLandscapeLeft UIInterfaceOrientationLandscapeRight";
				INFOPLIST_KEY_UISupportedInterfaceOrientations_iPhone = "UIInterfaceOrientationPortrait UIInterfaceOrientationLandscapeLeft UIInterfaceOrientationLandscapeRight";
				INFOPLIST_KEY_UIUserInterfaceStyle = Dark;
				LD_RUNPATH_SEARCH_PATHS = (
					"$(inherited)",
					"@executable_path/Frameworks",
				);
				MARKETING_VERSION = 1.0;
				PRODUCT_BUNDLE_IDENTIFIER = com.minhkhue.Africa;
				PRODUCT_NAME = "$(TARGET_NAME)";
				SWIFT_EMIT_LOC_STRINGS = YES;
				SWIFT_VERSION = 5.0;
				TARGETED_DEVICE_FAMILY = "1,2";
			};
			name = Debug;
		};
		FA8B3F9E28C0F9A3006B8B11 /* Release */ = {
			isa = XCBuildConfiguration;
			buildSettings = {
				ASSETCATALOG_COMPILER_APPICON_NAME = AppIcon;
				ASSETCATALOG_COMPILER_GLOBAL_ACCENT_COLOR_NAME = AccentColor;
				CODE_SIGN_STYLE = Automatic;
				CURRENT_PROJECT_VERSION = 1;
				DEVELOPMENT_ASSET_PATHS = "\"Africa/Preview Content\"";
				DEVELOPMENT_TEAM = KNRS8Y6JMQ;
				ENABLE_PREVIEWS = YES;
				GENERATE_INFOPLIST_FILE = YES;
				INFOPLIST_FILE = Africa/Info.plist;
				INFOPLIST_KEY_CFBundleDisplayName = "";
				INFOPLIST_KEY_UIApplicationSceneManifest_Generation = YES;
				INFOPLIST_KEY_UIApplicationSupportsIndirectInputEvents = YES;
				INFOPLIST_KEY_UISupportedInterfaceOrientations_iPad = "UIInterfaceOrientationPortrait UIInterfaceOrientationPortraitUpsideDown UIInterfaceOrientationLandscapeLeft UIInterfaceOrientationLandscapeRight";
				INFOPLIST_KEY_UISupportedInterfaceOrientations_iPhone = "UIInterfaceOrientationPortrait UIInterfaceOrientationLandscapeLeft UIInterfaceOrientationLandscapeRight";
				INFOPLIST_KEY_UIUserInterfaceStyle = Dark;
				LD_RUNPATH_SEARCH_PATHS = (
					"$(inherited)",
					"@executable_path/Frameworks",
				);
				MARKETING_VERSION = 1.0;
				PRODUCT_BUNDLE_IDENTIFIER = com.minhkhue.Africa;
				PRODUCT_NAME = "$(TARGET_NAME)";
				SWIFT_EMIT_LOC_STRINGS = YES;
				SWIFT_VERSION = 5.0;
				TARGETED_DEVICE_FAMILY = "1,2";
			};
			name = Release;
		};
/* End XCBuildConfiguration section */

/* Begin XCConfigurationList section */
		FA8B3F8928C0F9A2006B8B11 /* Build configuration list for PBXProject "Africa" */ = {
			isa = XCConfigurationList;
			buildConfigurations = (
				FA8B3F9A28C0F9A3006B8B11 /* Debug */,
				FA8B3F9B28C0F9A3006B8B11 /* Release */,
			);
			defaultConfigurationIsVisible = 0;
			defaultConfigurationName = Release;
		};
		FA8B3F9C28C0F9A3006B8B11 /* Build configuration list for PBXNativeTarget "Africa" */ = {
			isa = XCConfigurationList;
			buildConfigurations = (
				FA8B3F9D28C0F9A3006B8B11 /* Debug */,
				FA8B3F9E28C0F9A3006B8B11 /* Release */,
			);
			defaultConfigurationIsVisible = 0;
			defaultConfigurationName = Release;
		};
/* End XCConfigurationList section */
	};
	rootObject = FA8B3F8628C0F9A2006B8B11 /* Project object */;
}
